<?xml version="1.0" encoding="utf-8"?>
<Project ToolsVersion="4.0" xmlns="http://schemas.microsoft.com/developer/msbuild/2003">
  <ItemGroup>
    <Filter Include="Source Files">
      <UniqueIdentifier>{4FC737F1-C7A5-4376-A066-2A32D752A2FF}</UniqueIdentifier>
      <Extensions>cpp;c;cc;cxx;def;odl;idl;hpj;bat;asm;asmx</Extensions>
    </Filter>
    <Filter Include="Header Files">
      <UniqueIdentifier>{93995380-89BD-4b04-88EB-625FBE52EBFB}</UniqueIdentifier>
      <Extensions>h;hh;hpp;hxx;hm;inl;inc;xsd</Extensions>
    </Filter>
    <Filter Include="Resource Files">
      <UniqueIdentifier>{67DA6AB6-F800-4c08-8B7A-83BB121AAD01}</UniqueIdentifier>
      <Extensions>rc;ico;cur;bmp;dlg;rc2;rct;bin;rgs;gif;jpg;jpeg;jpe;resx;tiff;tif;png;wav;mfcribbon-ms</Extensions>
    </Filter>
    <Filter Include="Source Files\Curl">
      <UniqueIdentifier>{cd2cd4fb-3ce1-460e-8dd9-1bdeaf20270c}</UniqueIdentifier>
    </Filter>
    <Filter Include="Source Files\Json">
      <UniqueIdentifier>{a2e3b0cd-f86f-4b45-afeb-cc94b2eac5c3}</UniqueIdentifier>
    </Filter>
    <Filter Include="Source Files\APIReader">
      <UniqueIdentifier>{c779aaab-4f71-4c5c-87d0-68fbe8569736}</UniqueIdentifier>
    </Filter>
    <Filter Include="Source Files\URLBuilder">
      <UniqueIdentifier>{0f112486-936c-48c7-8003-0780a22dae92}</UniqueIdentifier>
    </Filter>
    <Filter Include="Source Files\URLBuilder\URL Builders">
      <UniqueIdentifier>{d89450f0-148e-4798-a8fe-c2c98128ec1e}</UniqueIdentifier>
    </Filter>
    <Filter Include="Source Files\API Manager">
      <UniqueIdentifier>{9eed8c56-b33a-4f30-927d-efbfea357b0d}</UniqueIdentifier>
    </Filter>
    <Filter Include="Source Files\API Manager\SummonerAPI">
      <UniqueIdentifier>{149d3992-fc81-43bc-8646-5a67c4558a31}</UniqueIdentifier>
    </Filter>
    <Filter Include="Source Files\API Manager\MatchListAPI">
      <UniqueIdentifier>{7fd8cf0c-830f-4c05-8f28-fd61ba0fc33d}</UniqueIdentifier>
    </Filter>
    <Filter Include="Source Files\API Manager\MatchAPI">
      <UniqueIdentifier>{1983b7f5-91e8-44a3-a67a-0a6bf0a38e64}</UniqueIdentifier>
    </Filter>
  </ItemGroup>
  <ItemGroup>
    <ClCompile Include="main.cpp">
      <Filter>Source Files</Filter>
    </ClCompile>
    <ClCompile Include="CurlCaller.cpp">
      <Filter>Source Files\Curl</Filter>
    </ClCompile>
    <ClCompile Include="CurlFactory.cpp">
      <Filter>Source Files\Curl</Filter>
    </ClCompile>
    <ClCompile Include="JsonParser.cpp">
      <Filter>Source Files\Json</Filter>
    </ClCompile>
    <ClCompile Include="JsonFactory.cpp">
      <Filter>Source Files\Json</Filter>
    </ClCompile>
    <ClCompile Include="RiotAPIReader.cpp">
      <Filter>Source Files\APIReader</Filter>
    </ClCompile>
    <ClCompile Include="SummonerAPI.cpp">
      <Filter>Source Files\API Manager\SummonerAPI</Filter>
    </ClCompile>
    <ClCompile Include="URLBuilderFactory.cpp">
      <Filter>Source Files\URLBuilder</Filter>
    </ClCompile>
    <ClCompile Include="RiotAPIManager.cpp">
      <Filter>Source Files\API Manager</Filter>
    </ClCompile>
    <ClCompile Include="MatchListAPI.cpp">
      <Filter>Source Files\API Manager\MatchListAPI</Filter>
    </ClCompile>
    <ClCompile Include="MatchAPI.cpp">
      <Filter>Source Files\API Manager\MatchAPI</Filter>
    </ClCompile>
  </ItemGroup>
  <ItemGroup>
    <ClInclude Include="CurlCaller.h">
      <Filter>Source Files\Curl</Filter>
    </ClInclude>
    <ClInclude Include="CurlFactory.h">
      <Filter>Source Files\Curl</Filter>
    </ClInclude>
    <ClInclude Include="CurlWrapper.h">
      <Filter>Source Files\Curl</Filter>
    </ClInclude>
    <ClInclude Include="JsonWrapper.h">
      <Filter>Source Files\Json</Filter>
    </ClInclude>
    <ClInclude Include="JsonParser.h">
      <Filter>Source Files\Json</Filter>
    </ClInclude>
    <ClInclude Include="JsonFactory.h">
      <Filter>Source Files\Json</Filter>
    </ClInclude>
    <ClInclude Include="RiotAPIReader.h">
      <Filter>Source Files\APIReader</Filter>
    </ClInclude>
    <ClInclude Include="RiotAPIReaderTypes.h">
      <Filter>Source Files\APIReader</Filter>
    </ClInclude>
    <ClInclude Include="SummonerAPI.h">
      <Filter>Source Files\API Manager\SummonerAPI</Filter>
    </ClInclude>
    <ClInclude Include="RiotAPIReaderWrapper.h">
      <Filter>Source Files\APIReader</Filter>
    </ClInclude>
    <ClInclude Include="URLBuilderWrapper.h">
      <Filter>Source Files\URLBuilder</Filter>
    </ClInclude>
    <ClInclude Include="URLBuilderFactory.h">
      <Filter>Source Files\URLBuilder</Filter>
    </ClInclude>
    <ClInclude Include="URLBuilderBase.h">
      <Filter>Source Files\URLBuilder</Filter>
    </ClInclude>
    <ClInclude Include="MatchURLBuilder.h">
      <Filter>Source Files\URLBuilder\URL Builders</Filter>
    </ClInclude>
    <ClInclude Include="SummonerURLBuilder.h">
      <Filter>Source Files\URLBuilder\URL Builders</Filter>
    </ClInclude>
    <ClInclude Include="ChampionURLBuilder.h">
      <Filter>Source Files\URLBuilder\URL Builders</Filter>
    </ClInclude>
    <ClInclude Include="ChampionMasteryURLBuilder.h">
      <Filter>Source Files\URLBuilder\URL Builders</Filter>
    </ClInclude>
    <ClInclude Include="CurrentGameURLBuilder.h">
      <Filter>Source Files\URLBuilder\URL Builders</Filter>
    </ClInclude>
    <ClInclude Include="FeaturedGamesURLBuilder.h">
      <Filter>Source Files\URLBuilder\URL Builders</Filter>
    </ClInclude>
    <ClInclude Include="GameURLBuilder.h">
      <Filter>Source Files\URLBuilder\URL Builders</Filter>
    </ClInclude>
    <ClInclude Include="LeagueURLBuilder.h">
      <Filter>Source Files\URLBuilder\URL Builders</Filter>
    </ClInclude>
    <ClInclude Include="StaticDataURLBuilder.h">
      <Filter>Source Files\URLBuilder\URL Builders</Filter>
    </ClInclude>
    <ClInclude Include="StatusURLBuilder.h">
      <Filter>Source Files\URLBuilder\URL Builders</Filter>
    </ClInclude>
    <ClInclude Include="StatsURLBuilder.h">
      <Filter>Source Files\URLBuilder\URL Builders</Filter>
    </ClInclude>
    <ClInclude Include="MatchListURLBuilder.h">
      <Filter>Source Files\URLBuilder\URL Builders</Filter>
    </ClInclude>
    <ClInclude Include="URLConstantBuilder.h">
      <Filter>Source Files\URLBuilder\URL Builders</Filter>
    </ClInclude>
    <ClInclude Include="URLConstantBuilderWrapper.h">
      <Filter>Source Files\URLBuilder\URL Builders</Filter>
    </ClInclude>
    <ClInclude Include="RiotAPIManager.h">
      <Filter>Source Files\API Manager</Filter>
    </ClInclude>
    <ClInclude Include="SummonerAPITypes.h">
      <Filter>Source Files\API Manager\SummonerAPI</Filter>
    </ClInclude>
    <ClInclude Include="MatchListAPI.h">
      <Filter>Source Files\API Manager\MatchListAPI</Filter>
    </ClInclude>
    <ClInclude Include="MatchListTypes.h">
      <Filter>Source Files\API Manager\MatchListAPI</Filter>
    </ClInclude>
    <ClInclude Include="MatchAPI.h">
      <Filter>Source Files\API Manager\MatchAPI</Filter>
    </ClInclude>
    <ClInclude Include="MatchAPITypes.h">
      <Filter>Source Files\API Manager\MatchAPI</Filter>
    </ClInclude>
  </ItemGroup>
</Project>